
Microsoft Visual Studio Solution File, Format Version 12.00
# Visual Studio Version 17
VisualStudioVersion = 17.7.34031.279
MinimumVisualStudioVersion = 10.0.40219.1
Project("{FAE04EC0-301F-11D3-BF4B-00C04F79EFBC}") = "lab 3.1 zadanie 3", "lab 3.1 zadanie 3\lab 3.1 zadanie 3.csproj", "{BF234AE8-479A-481E-A3E0-2D93B52D309D}"
EndProject
Global
	GlobalSection(SolutionConfigurationPlatforms) = preSolution
		Debug|Any CPU = Debug|Any CPU
		Release|Any CPU = Release|Any CPU
	EndGlobalSection
	GlobalSection(ProjectConfigurationPlatforms) = postSolution
		{BF234AE8-479A-481E-A3E0-2D93B52D309D}.Debug|Any CPU.ActiveCfg = Debug|Any CPU
		{BF234AE8-479A-481E-A3E0-2D93B52D309D}.Debug|Any CPU.Build.0 = Debug|Any CPU
		{BF234AE8-479A-481E-A3E0-2D93B52D309D}.Release|Any CPU.ActiveCfg = Release|Any CPU
		{BF234AE8-479A-481E-A3E0-2D93B52D309D}.Release|Any CPU.Build.0 = Release|Any CPU
	EndGlobalSection
	GlobalSection(SolutionProperties) = preSolution
		HideSolutionNode = FALSE
	EndGlobalSection
	GlobalSection(ExtensibilityGlobals) = postSolution
		SolutionGuid = {232E0772-8B9D-4335-88F6-AF6B6AFA65E1}
	EndGlobalSection
EndGlobal
